<?xml version="1.0" encoding="utf-8"?>
<Project ToolsVersion="4.0" xmlns="http://schemas.microsoft.com/developer/msbuild/2003">
  <ItemGroup>
    <Filter Include="Core">
      <UniqueIdentifier>{2c018a28-97a6-4691-927a-981f8f146a52}</UniqueIdentifier>
    </Filter>
    <Filter Include="Managers">
      <UniqueIdentifier>{4b54d000-b8e7-4516-84c4-28cecc374201}</UniqueIdentifier>
    </Filter>
    <Filter Include="Input">
      <UniqueIdentifier>{7a19c0dd-658d-47e8-aa14-78747263a583}</UniqueIdentifier>
    </Filter>
  </ItemGroup>
  <ItemGroup>
    <ClCompile Include="Application.cpp">
      <Filter>Core</Filter>
    </ClCompile>
    <ClCompile Include="GameCore.cpp">
      <Filter>Core</Filter>
    </ClCompile>
    <ClCompile Include="WindowManager.cpp">
      <Filter>Managers</Filter>
    </ClCompile>
    <ClCompile Include="InputManager.cpp">
      <Filter>Managers</Filter>
    </ClCompile>
  </ItemGroup>
  <ItemGroup>
    <ClInclude Include="GameCore.hpp">
      <Filter>Core</Filter>
    </ClInclude>
    <ClInclude Include="WindowManager.hpp">
      <Filter>Managers</Filter>
    </ClInclude>
    <ClInclude Include="InputManager.hpp">
      <Filter>Managers</Filter>
    </ClInclude>
    <ClInclude Include="Keyboard.hpp">
      <Filter>Input</Filter>
    </ClInclude>
    <ClInclude Include="Mouse.hpp">
      <Filter>Input</Filter>
    </ClInclude>
  </ItemGroup>
</Project>