
Microsoft Visual Studio Solution File, Format Version 12.00
# Visual Studio Version 16
VisualStudioVersion = 16.0.29728.190
MinimumVisualStudioVersion = 10.0.40219.1
Project("{8BC9CEB8-8B4A-11D0-8D11-00A0C91BC942}") = "StoneCold.3D.Game", "src\StoneCold.3D.Game\StoneCold.3D.Game.vcxproj", "{234E94F8-89A8-4113-BAA2-81B657535250}"
EndProject
Project("{8BC9CEB8-8B4A-11D0-8D11-00A0C91BC942}") = "StoneCold.3D.Base", "src\StoneCold.3D.Base\StoneCold.3D.Base.vcxproj", "{3F6787BC-637D-4567-AEF4-5C924031C876}"
EndProject
Project("{8BC9CEB8-8B4A-11D0-8D11-00A0C91BC942}") = "StoneCold.3D.Engine", "src\StoneCold.3D.Engine\StoneCold.3D.Engine.vcxproj", "{863881BF-B126-44A2-A515-BCA211A97E7A}"
EndProject
Project("{8BC9CEB8-8B4A-11D0-8D11-00A0C91BC942}") = "StoneCold.3D.Resources", "src\StoneCold.3D.Resources\StoneCold.3D.Resources.vcxproj", "{F783A0F4-D917-46A3-B9C6-A762A0440382}"
EndProject
Project("{2150E333-8FDC-42A3-9474-1A3956D46DE8}") = "CommonFiles", "CommonFiles", "{2CB0875A-4112-4C23-8AF9-230ABCABB7F3}"
	ProjectSection(SolutionItems) = preProject
		.gitignore = .gitignore
		LICENSE = LICENSE
		README.md = README.md
	EndProjectSection
EndProject
Global
	GlobalSection(SolutionConfigurationPlatforms) = preSolution
		Debug|x64 = Debug|x64
		Debug|x86 = Debug|x86
		Release|x64 = Release|x64
		Release|x86 = Release|x86
	EndGlobalSection
	GlobalSection(ProjectConfigurationPlatforms) = postSolution
		{234E94F8-89A8-4113-BAA2-81B657535250}.Debug|x64.ActiveCfg = Debug|x64
		{234E94F8-89A8-4113-BAA2-81B657535250}.Debug|x64.Build.0 = Debug|x64
		{234E94F8-89A8-4113-BAA2-81B657535250}.Debug|x86.ActiveCfg = Debug|Win32
		{234E94F8-89A8-4113-BAA2-81B657535250}.Debug|x86.Build.0 = Debug|Win32
		{234E94F8-89A8-4113-BAA2-81B657535250}.Release|x64.ActiveCfg = Release|x64
		{234E94F8-89A8-4113-BAA2-81B657535250}.Release|x64.Build.0 = Release|x64
		{234E94F8-89A8-4113-BAA2-81B657535250}.Release|x86.ActiveCfg = Release|Win32
		{234E94F8-89A8-4113-BAA2-81B657535250}.Release|x86.Build.0 = Release|Win32
		{3F6787BC-637D-4567-AEF4-5C924031C876}.Debug|x64.ActiveCfg = Debug|x64
		{3F6787BC-637D-4567-AEF4-5C924031C876}.Debug|x64.Build.0 = Debug|x64
		{3F6787BC-637D-4567-AEF4-5C924031C876}.Debug|x86.ActiveCfg = Debug|Win32
		{3F6787BC-637D-4567-AEF4-5C924031C876}.Debug|x86.Build.0 = Debug|Win32
		{3F6787BC-637D-4567-AEF4-5C924031C876}.Release|x64.ActiveCfg = Release|x64
		{3F6787BC-637D-4567-AEF4-5C924031C876}.Release|x64.Build.0 = Release|x64
		{3F6787BC-637D-4567-AEF4-5C924031C876}.Release|x86.ActiveCfg = Release|Win32
		{3F6787BC-637D-4567-AEF4-5C924031C876}.Release|x86.Build.0 = Release|Win32
		{863881BF-B126-44A2-A515-BCA211A97E7A}.Debug|x64.ActiveCfg = Debug|x64
		{863881BF-B126-44A2-A515-BCA211A97E7A}.Debug|x64.Build.0 = Debug|x64
		{863881BF-B126-44A2-A515-BCA211A97E7A}.Debug|x86.ActiveCfg = Debug|Win32
		{863881BF-B126-44A2-A515-BCA211A97E7A}.Debug|x86.Build.0 = Debug|Win32
		{863881BF-B126-44A2-A515-BCA211A97E7A}.Release|x64.ActiveCfg = Release|x64
		{863881BF-B126-44A2-A515-BCA211A97E7A}.Release|x64.Build.0 = Release|x64
		{863881BF-B126-44A2-A515-BCA211A97E7A}.Release|x86.ActiveCfg = Release|Win32
		{863881BF-B126-44A2-A515-BCA211A97E7A}.Release|x86.Build.0 = Release|Win32
		{F783A0F4-D917-46A3-B9C6-A762A0440382}.Debug|x64.ActiveCfg = Debug|x64
		{F783A0F4-D917-46A3-B9C6-A762A0440382}.Debug|x64.Build.0 = Debug|x64
		{F783A0F4-D917-46A3-B9C6-A762A0440382}.Debug|x86.ActiveCfg = Debug|Win32
		{F783A0F4-D917-46A3-B9C6-A762A0440382}.Debug|x86.Build.0 = Debug|Win32
		{F783A0F4-D917-46A3-B9C6-A762A0440382}.Release|x64.ActiveCfg = Release|x64
		{F783A0F4-D917-46A3-B9C6-A762A0440382}.Release|x64.Build.0 = Release|x64
		{F783A0F4-D917-46A3-B9C6-A762A0440382}.Release|x86.ActiveCfg = Release|Win32
		{F783A0F4-D917-46A3-B9C6-A762A0440382}.Release|x86.Build.0 = Release|Win32
	EndGlobalSection
	GlobalSection(SolutionProperties) = preSolution
		HideSolutionNode = FALSE
	EndGlobalSection
	GlobalSection(ExtensibilityGlobals) = postSolution
		SolutionGuid = {4943DB4D-0DA9-4369-99CA-8068034CB161}
	EndGlobalSection
EndGlobal
