<?xml version="1.0" encoding="utf-8"?>
<Project ToolsVersion="4.0" xmlns="http://schemas.microsoft.com/developer/msbuild/2003">
  <ItemGroup>
    <Filter Include="Loader">
      <UniqueIdentifier>{803633f9-c4f5-47a1-ad8d-e581a5d1a27a}</UniqueIdentifier>
    </Filter>
    <Filter Include="Resources">
      <UniqueIdentifier>{49ec7966-6d58-43b5-b36a-0eb72ae27e23}</UniqueIdentifier>
    </Filter>
    <Filter Include="Shaders">
      <UniqueIdentifier>{3eec4621-bd66-457d-9f48-5d3baeb29b01}</UniqueIdentifier>
    </Filter>
  </ItemGroup>
  <ItemGroup>
    <ClCompile Include="MeshLoader.cpp">
      <Filter>Loader</Filter>
    </ClCompile>
    <ClCompile Include="Shader.cpp">
      <Filter>Shaders</Filter>
    </ClCompile>
  </ItemGroup>
  <ItemGroup>
    <ClInclude Include="MeshLoader.hpp">
      <Filter>Loader</Filter>
    </ClInclude>
    <ClInclude Include="Mesh.hpp">
      <Filter>Resources</Filter>
    </ClInclude>
    <ClInclude Include="Shader.hpp">
      <Filter>Shaders</Filter>
    </ClInclude>
    <ClInclude Include="DefaultShaderNoTex.hpp">
      <Filter>Shaders</Filter>
    </ClInclude>
  </ItemGroup>
</Project>