<?xml version="1.0" encoding="utf-8"?>
<Project ToolsVersion="4.0" xmlns="http://schemas.microsoft.com/developer/msbuild/2003">
  <ItemGroup>
    <Filter Include="AI">
      <UniqueIdentifier>{fc5cc758-e8bf-4115-b72b-b27148ba9bdf}</UniqueIdentifier>
    </Filter>
    <Filter Include="Camera">
      <UniqueIdentifier>{672c1b54-b6cf-4c96-8a81-a039220d8d42}</UniqueIdentifier>
    </Filter>
    <Filter Include="Core">
      <UniqueIdentifier>{ebcd9c08-6586-44f8-b217-74c3a8268611}</UniqueIdentifier>
    </Filter>
    <Filter Include="ECS">
      <UniqueIdentifier>{1edbe52f-1a09-4ff5-b603-0fea802b4cec}</UniqueIdentifier>
    </Filter>
    <Filter Include="Input">
      <UniqueIdentifier>{bc1eb9be-64fa-4c9f-a275-431927b25f3b}</UniqueIdentifier>
    </Filter>
    <Filter Include="States">
      <UniqueIdentifier>{40da6dcf-2e5f-4248-a22a-f95528dcfe52}</UniqueIdentifier>
    </Filter>
    <Filter Include="ECS\Systems">
      <UniqueIdentifier>{9a11d47d-f5f8-486d-9fdd-d9e7fd0d1f57}</UniqueIdentifier>
    </Filter>
    <Filter Include="Messages">
      <UniqueIdentifier>{6d022a48-3787-4414-b976-66a0a131f367}</UniqueIdentifier>
    </Filter>
    <Filter Include="Shaders">
      <UniqueIdentifier>{426794b0-079a-4f0e-9f60-b5b4075fc525}</UniqueIdentifier>
    </Filter>
  </ItemGroup>
  <ItemGroup>
    <ClInclude Include="Camera.hpp">
      <Filter>Camera</Filter>
    </ClInclude>
    <ClInclude Include="Keyboard.hpp">
      <Filter>Input</Filter>
    </ClInclude>
    <ClInclude Include="Mouse.hpp">
      <Filter>Input</Filter>
    </ClInclude>
    <ClInclude Include="DecisionTee.hpp">
      <Filter>AI</Filter>
    </ClInclude>
    <ClInclude Include="System.hpp">
      <Filter>ECS\Systems</Filter>
    </ClInclude>
    <ClInclude Include="TransformationSystem.hpp">
      <Filter>ECS\Systems</Filter>
    </ClInclude>
    <ClInclude Include="Components.hpp">
      <Filter>ECS</Filter>
    </ClInclude>
    <ClInclude Include="EntityComponentSystem.hpp">
      <Filter>ECS</Filter>
    </ClInclude>
    <ClInclude Include="EntityComponentWorld.hpp">
      <Filter>ECS</Filter>
    </ClInclude>
    <ClInclude Include="EngineCore.hpp">
      <Filter>Core</Filter>
    </ClInclude>
    <ClInclude Include="State.hpp">
      <Filter>States</Filter>
    </ClInclude>
    <ClInclude Include="MenuState.hpp">
      <Filter>States</Filter>
    </ClInclude>
    <ClInclude Include="GameState.hpp">
      <Filter>States</Filter>
    </ClInclude>
    <ClInclude Include="IntroState.hpp">
      <Filter>States</Filter>
    </ClInclude>
    <ClInclude Include="EntityComponentArray.hpp">
      <Filter>ECS</Filter>
    </ClInclude>
    <ClInclude Include="MessageService.hpp">
      <Filter>Messages</Filter>
    </ClInclude>
    <ClInclude Include="WindowManager.hpp">
      <Filter>Core</Filter>
    </ClInclude>
    <ClInclude Include="InputManager.hpp">
      <Filter>Input</Filter>
    </ClInclude>
    <ClInclude Include="DefaultShaderNoTex.hpp">
      <Filter>Shaders</Filter>
    </ClInclude>
    <ClInclude Include="Shader.hpp">
      <Filter>Shaders</Filter>
    </ClInclude>
    <ClInclude Include="RenderSystemDefaultNoTex.hpp">
      <Filter>ECS\Systems</Filter>
    </ClInclude>
  </ItemGroup>
  <ItemGroup>
    <ClCompile Include="Camera.cpp">
      <Filter>Camera</Filter>
    </ClCompile>
    <ClCompile Include="DecisionTee.cpp">
      <Filter>AI</Filter>
    </ClCompile>
    <ClCompile Include="EntityComponentSystem.cpp">
      <Filter>ECS</Filter>
    </ClCompile>
    <ClCompile Include="EngineCore.cpp">
      <Filter>Core</Filter>
    </ClCompile>
    <ClCompile Include="GameState.cpp">
      <Filter>States</Filter>
    </ClCompile>
    <ClCompile Include="IntroState.cpp">
      <Filter>States</Filter>
    </ClCompile>
    <ClCompile Include="MenuState.cpp">
      <Filter>States</Filter>
    </ClCompile>
    <ClCompile Include="WindowManager.cpp">
      <Filter>Core</Filter>
    </ClCompile>
  </ItemGroup>
</Project>